
Microsoft Visual Studio Solution File, Format Version 12.00
# Visual Studio Version 17
VisualStudioVersion = 17.7.34024.191
MinimumVisualStudioVersion = 10.0.40219.1
Project("{8BC9CEB8-8B4A-11D0-8D11-00A0C91BC942}") = "ACFoxaXu", "ACFoxaXu\ACFoxaXu.vcxproj", "{CDD3B3E6-62C4-4682-B896-48A370B4B712}"
EndProject
Global
	GlobalSection(SolutionConfigurationPlatforms) = preSolution
		Debug|x64 = Debug|x64
		Debug|x86 = Debug|x86
		Release|x64 = Release|x64
		Release|x86 = Release|x86
	EndGlobalSection
	GlobalSection(ProjectConfigurationPlatforms) = postSolution
		{CDD3B3E6-62C4-4682-B896-48A370B4B712}.Debug|x64.ActiveCfg = Debug|x64
		{CDD3B3E6-62C4-4682-B896-48A370B4B712}.Debug|x64.Build.0 = Debug|x64
		{CDD3B3E6-62C4-4682-B896-48A370B4B712}.Debug|x86.ActiveCfg = Debug|Win32
		{CDD3B3E6-62C4-4682-B896-48A370B4B712}.Debug|x86.Build.0 = Debug|Win32
		{CDD3B3E6-62C4-4682-B896-48A370B4B712}.Release|x64.ActiveCfg = Release|x64
		{CDD3B3E6-62C4-4682-B896-48A370B4B712}.Release|x64.Build.0 = Release|x64
		{CDD3B3E6-62C4-4682-B896-48A370B4B712}.Release|x86.ActiveCfg = Release|Win32
		{CDD3B3E6-62C4-4682-B896-48A370B4B712}.Release|x86.Build.0 = Release|Win32
	EndGlobalSection
	GlobalSection(SolutionProperties) = preSolution
		HideSolutionNode = FALSE
	EndGlobalSection
	GlobalSection(ExtensibilityGlobals) = postSolution
		SolutionGuid = {2E8887B0-8708-4B76-B6D5-B46F99D4A07C}
	EndGlobalSection
EndGlobal
